
Microsoft Visual Studio Solution File, Format Version 12.00
# Visual Studio Version 16
VisualStudioVersion = 16.0.29926.136
MinimumVisualStudioVersion = 10.0.40219.1
Project("{FAE04EC0-301F-11D3-BF4B-00C04F79EFBC}") = "StoreProdutcs", "StoreProdutcs\StoreProdutcs.csproj", "{A29AD274-B4E0-40B8-9DF4-9FA4D4428365}"
EndProject
Global
	GlobalSection(SolutionConfigurationPlatforms) = preSolution
		Debug|Any CPU = Debug|Any CPU
		Release|Any CPU = Release|Any CPU
	EndGlobalSection
	GlobalSection(ProjectConfigurationPlatforms) = postSolution
		{A29AD274-B4E0-40B8-9DF4-9FA4D4428365}.Debug|Any CPU.ActiveCfg = Debug|Any CPU
		{A29AD274-B4E0-40B8-9DF4-9FA4D4428365}.Debug|Any CPU.Build.0 = Debug|Any CPU
		{A29AD274-B4E0-40B8-9DF4-9FA4D4428365}.Release|Any CPU.ActiveCfg = Release|Any CPU
		{A29AD274-B4E0-40B8-9DF4-9FA4D4428365}.Release|Any CPU.Build.0 = Release|Any CPU
	EndGlobalSection
	GlobalSection(SolutionProperties) = preSolution
		HideSolutionNode = FALSE
	EndGlobalSection
	GlobalSection(ExtensibilityGlobals) = postSolution
		SolutionGuid = {DE893821-FBCA-4830-9514-15F31244D591}
	EndGlobalSection
EndGlobal
